// !$*UTF8*$!
{
	archiveVersion = 1;
	classes = {
	};
	objectVersion = 50;
	objects = {

/* Begin PBXBuildFile section */
		DB844F3D22780E3D00212D60 /* AppDelegate.swift in Sources */ = {isa = PBXBuildFile; fileRef = DB844F3C22780E3D00212D60 /* AppDelegate.swift */; };
		DB844F3F22780E3D00212D60 /* ViewController.swift in Sources */ = {isa = PBXBuildFile; fileRef = DB844F3E22780E3D00212D60 /* ViewController.swift */; };
		DB844F4222780E3D00212D60 /* Main.storyboard in Resources */ = {isa = PBXBuildFile; fileRef = DB844F4022780E3D00212D60 /* Main.storyboard */; };
		DB844F4422780E3E00212D60 /* Assets.xcassets in Resources */ = {isa = PBXBuildFile; fileRef = DB844F4322780E3E00212D60 /* Assets.xcassets */; };
		DB844F4722780E3E00212D60 /* LaunchScreen.storyboard in Resources */ = {isa = PBXBuildFile; fileRef = DB844F4522780E3E00212D60 /* LaunchScreen.storyboard */; };
		DB844F5222780E3E00212D60 /* ConnectFourTests.swift in Sources */ = {isa = PBXBuildFile; fileRef = DB844F5122780E3E00212D60 /* ConnectFourTests.swift */; };
		DB844F5D22780E3E00212D60 /* ConnectFourUITests.swift in Sources */ = {isa = PBXBuildFile; fileRef = DB844F5C22780E3E00212D60 /* ConnectFourUITests.swift */; };
/* End PBXBuildFile section */

/* Begin PBXContainerItemProxy section */
		DB844F4E22780E3E00212D60 /* PBXContainerItemProxy */ = {
			isa = PBXContainerItemProxy;
			containerPortal = DB844F3122780E3D00212D60 /* Project object */;
			proxyType = 1;
			remoteGlobalIDString = DB844F3822780E3D00212D60;
			remoteInfo = ConnectFour;
		};
		DB844F5922780E3E00212D60 /* PBXContainerItemProxy */ = {
			isa = PBXContainerItemProxy;
			containerPortal = DB844F3122780E3D00212D60 /* Project object */;
			proxyType = 1;
			remoteGlobalIDString = DB844F3822780E3D00212D60;
			remoteInfo = ConnectFour;
		};
/* End PBXContainerItemProxy section */

/* Begin PBXFileReference section */
		DB844F3922780E3D00212D60 /* ConnectFour.app */ = {isa = PBXFileReference; explicitFileType = wrapper.application; includeInIndex = 0; path = ConnectFour.app; sourceTree = BUILT_PRODUCTS_DIR; };
		DB844F3C22780E3D00212D60 /* AppDelegate.swift */ = {isa = PBXFileReference; lastKnownFileType = sourcecode.swift; path = AppDelegate.swift; sourceTree = "<group>"; };
		DB844F3E22780E3D00212D60 /* ViewController.swift */ = {isa = PBXFileReference; lastKnownFileType = sourcecode.swift; path = ViewController.swift; sourceTree = "<group>"; };
		DB844F4122780E3D00212D60 /* Base */ = {isa = PBXFileReference; lastKnownFileType = file.storyboard; name = Base; path = Base.lproj/Main.storyboard; sourceTree = "<group>"; };
		DB844F4322780E3E00212D60 /* Assets.xcassets */ = {isa = PBXFileReference; lastKnownFileType = folder.assetcatalog; path = Assets.xcassets; sourceTree = "<group>"; };
		DB844F4622780E3E00212D60 /* Base */ = {isa = PBXFileReference; lastKnownFileType = file.storyboard; name = Base; path = Base.lproj/LaunchScreen.storyboard; sourceTree = "<group>"; };
		DB844F4822780E3E00212D60 /* Info.plist */ = {isa = PBXFileReference; lastKnownFileType = text.plist.xml; path = Info.plist; sourceTree = "<group>"; };
		DB844F4D22780E3E00212D60 /* ConnectFourTests.xctest */ = {isa = PBXFileReference; explicitFileType = wrapper.cfbundle; includeInIndex = 0; path = ConnectFourTests.xctest; sourceTree = BUILT_PRODUCTS_DIR; };
		DB844F5122780E3E00212D60 /* ConnectFourTests.swift */ = {isa = PBXFileReference; lastKnownFileType = sourcecode.swift; path = ConnectFourTests.swift; sourceTree = "<group>"; };
		DB844F5322780E3E00212D60 /* Info.plist */ = {isa = PBXFileReference; lastKnownFileType = text.plist.xml; path = Info.plist; sourceTree = "<group>"; };
		DB844F5822780E3E00212D60 /* ConnectFourUITests.xctest */ = {isa = PBXFileReference; explicitFileType = wrapper.cfbundle; includeInIndex = 0; path = ConnectFourUITests.xctest; sourceTree = BUILT_PRODUCTS_DIR; };
		DB844F5C22780E3E00212D60 /* ConnectFourUITests.swift */ = {isa = PBXFileReference; lastKnownFileType = sourcecode.swift; path = ConnectFourUITests.swift; sourceTree = "<group>"; };
		DB844F5E22780E3E00212D60 /* Info.plist */ = {isa = PBXFileReference; lastKnownFileType = text.plist.xml; path = Info.plist; sourceTree = "<group>"; };
/* End PBXFileReference section */

/* Begin PBXFrameworksBuildPhase section */
		DB844F3622780E3D00212D60 /* Frameworks */ = {
			isa = PBXFrameworksBuildPhase;
			buildActionMask = 2147483647;
			files = (
			);
			runOnlyForDeploymentPostprocessing = 0;
		};
		DB844F4A22780E3E00212D60 /* Frameworks */ = {
			isa = PBXFrameworksBuildPhase;
			buildActionMask = 2147483647;
			files = (
			);
			runOnlyForDeploymentPostprocessing = 0;
		};
		DB844F5522780E3E00212D60 /* Frameworks */ = {
			isa = PBXFrameworksBuildPhase;
			buildActionMask = 2147483647;
			files = (
			);
			runOnlyForDeploymentPostprocessing = 0;
		};
/* End PBXFrameworksBuildPhase section */

/* Begin PBXGroup section */
		DB844F3022780E3D00212D60 = {
			isa = PBXGroup;
			children = (
				DB844F3B22780E3D00212D60 /* ConnectFour */,
				DB844F5022780E3E00212D60 /* ConnectFourTests */,
				DB844F5B22780E3E00212D60 /* ConnectFourUITests */,
				DB844F3A22780E3D00212D60 /* Products */,
			);
			sourceTree = "<group>";
		};
		DB844F3A22780E3D00212D60 /* Products */ = {
			isa = PBXGroup;
			children = (
				DB844F3922780E3D00212D60 /* ConnectFour.app */,
				DB844F4D22780E3E00212D60 /* ConnectFourTests.xctest */,
				DB844F5822780E3E00212D60 /* ConnectFourUITests.xctest */,
			);
			name = Products;
			sourceTree = "<group>";
		};
		DB844F3B22780E3D00212D60 /* ConnectFour */ = {
			isa = PBXGroup;
			children = (
				DB844F3C22780E3D00212D60 /* AppDelegate.swift */,
				DB844F3E22780E3D00212D60 /* ViewController.swift */,
				DB844F4022780E3D00212D60 /* Main.storyboard */,
				DB844F4322780E3E00212D60 /* Assets.xcassets */,
				DB844F4522780E3E00212D60 /* LaunchScreen.storyboard */,
				DB844F4822780E3E00212D60 /* Info.plist */,
			);
			path = ConnectFour;
			sourceTree = "<group>";
		};
		DB844F5022780E3E00212D60 /* ConnectFourTests */ = {
			isa = PBXGroup;
			children = (
				DB844F5122780E3E00212D60 /* ConnectFourTests.swift */,
				DB844F5322780E3E00212D60 /* Info.plist */,
			);
			path = ConnectFourTests;
			sourceTree = "<group>";
		};
		DB844F5B22780E3E00212D60 /* ConnectFourUITests */ = {
			isa = PBXGroup;
			children = (
				DB844F5C22780E3E00212D60 /* ConnectFourUITests.swift */,
				DB844F5E22780E3E00212D60 /* Info.plist */,
			);
			path = ConnectFourUITests;
			sourceTree = "<group>";
		};
/* End PBXGroup section */

/* Begin PBXNativeTarget section */
		DB844F3822780E3D00212D60 /* ConnectFour */ = {
			isa = PBXNativeTarget;
			buildConfigurationList = DB844F6122780E3E00212D60 /* Build configuration list for PBXNativeTarget "ConnectFour" */;
			buildPhases = (
				DB844F3522780E3D00212D60 /* Sources */,
				DB844F3622780E3D00212D60 /* Frameworks */,
				DB844F3722780E3D00212D60 /* Resources */,
			);
			buildRules = (
			);
			dependencies = (
			);
			name = ConnectFour;
			productName = ConnectFour;
			productReference = DB844F3922780E3D00212D60 /* ConnectFour.app */;
			productType = "com.apple.product-type.application";
		};
		DB844F4C22780E3E00212D60 /* ConnectFourTests */ = {
			isa = PBXNativeTarget;
			buildConfigurationList = DB844F6422780E3E00212D60 /* Build configuration list for PBXNativeTarget "ConnectFourTests" */;
			buildPhases = (
				DB844F4922780E3E00212D60 /* Sources */,
				DB844F4A22780E3E00212D60 /* Frameworks */,
				DB844F4B22780E3E00212D60 /* Resources */,
			);
			buildRules = (
			);
			dependencies = (
				DB844F4F22780E3E00212D60 /* PBXTargetDependency */,
			);
			name = ConnectFourTests;
			productName = ConnectFourTests;
			productReference = DB844F4D22780E3E00212D60 /* ConnectFourTests.xctest */;
			productType = "com.apple.product-type.bundle.unit-test";
		};
		DB844F5722780E3E00212D60 /* ConnectFourUITests */ = {
			isa = PBXNativeTarget;
			buildConfigurationList = DB844F6722780E3E00212D60 /* Build configuration list for PBXNativeTarget "ConnectFourUITests" */;
			buildPhases = (
				DB844F5422780E3E00212D60 /* Sources */,
				DB844F5522780E3E00212D60 /* Frameworks */,
				DB844F5622780E3E00212D60 /* Resources */,
			);
			buildRules = (
			);
			dependencies = (
				DB844F5A22780E3E00212D60 /* PBXTargetDependency */,
			);
			name = ConnectFourUITests;
			productName = ConnectFourUITests;
			productReference = DB844F5822780E3E00212D60 /* ConnectFourUITests.xctest */;
			productType = "com.apple.product-type.bundle.ui-testing";
		};
/* End PBXNativeTarget section */

/* Begin PBXProject section */
		DB844F3122780E3D00212D60 /* Project object */ = {
			isa = PBXProject;
			attributes = {
				LastSwiftUpdateCheck = 1020;
				LastUpgradeCheck = 1020;
				ORGANIZATIONNAME = "Anna Song";
				TargetAttributes = {
					DB844F3822780E3D00212D60 = {
						CreatedOnToolsVersion = 10.2;
					};
					DB844F4C22780E3E00212D60 = {
						CreatedOnToolsVersion = 10.2;
						TestTargetID = DB844F3822780E3D00212D60;
					};
					DB844F5722780E3E00212D60 = {
						CreatedOnToolsVersion = 10.2;
						TestTargetID = DB844F3822780E3D00212D60;
					};
				};
			};
			buildConfigurationList = DB844F3422780E3D00212D60 /* Build configuration list for PBXProject "ConnectFour" */;
			compatibilityVersion = "Xcode 9.3";
			developmentRegion = en;
			hasScannedForEncodings = 0;
			knownRegions = (
				en,
				Base,
			);
			mainGroup = DB844F3022780E3D00212D60;
			productRefGroup = DB844F3A22780E3D00212D60 /* Products */;
			projectDirPath = "";
			projectRoot = "";
			targets = (
				DB844F3822780E3D00212D60 /* ConnectFour */,
				DB844F4C22780E3E00212D60 /* ConnectFourTests */,
				DB844F5722780E3E00212D60 /* ConnectFourUITests */,
			);
		};
/* End PBXProject section */

/* Begin PBXResourcesBuildPhase section */
		DB844F3722780E3D00212D60 /* Resources */ = {
			isa = PBXResourcesBuildPhase;
			buildActionMask = 2147483647;
			files = (
				DB844F4722780E3E00212D60 /* LaunchScreen.storyboard in Resources */,
				DB844F4422780E3E00212D60 /* Assets.xcassets in Resources */,
				DB844F4222780E3D00212D60 /* Main.storyboard in Resources */,
			);
			runOnlyForDeploymentPostprocessing = 0;
		};
		DB844F4B22780E3E00212D60 /* Resources */ = {
			isa = PBXResourcesBuildPhase;
			buildActionMask = 2147483647;
			files = (
			);
			runOnlyForDeploymentPostprocessing = 0;
		};
		DB844F5622780E3E00212D60 /* Resources */ = {
			isa = PBXResourcesBuildPhase;
			buildActionMask = 2147483647;
			files = (
			);
			runOnlyForDeploymentPostprocessing = 0;
		};
/* End PBXResourcesBuildPhase section */

/* Begin PBXSourcesBuildPhase section */
		DB844F3522780E3D00212D60 /* Sources */ = {
			isa = PBXSourcesBuildPhase;
			buildActionMask = 2147483647;
			files = (
				DB844F3F22780E3D00212D60 /* ViewController.swift in Sources */,
				DB844F3D22780E3D00212D60 /* AppDelegate.swift in Sources */,
			);
			runOnlyForDeploymentPostprocessing = 0;
		};
		DB844F4922780E3E00212D60 /* Sources */ = {
			isa = PBXSourcesBuildPhase;
			buildActionMask = 2147483647;
			files = (
				DB844F5222780E3E00212D60 /* ConnectFourTests.swift in Sources */,
			);
			runOnlyForDeploymentPostprocessing = 0;
		};
		DB844F5422780E3E00212D60 /* Sources */ = {
			isa = PBXSourcesBuildPhase;
			buildActionMask = 2147483647;
			files = (
				DB844F5D22780E3E00212D60 /* ConnectFourUITests.swift in Sources */,
			);
			runOnlyForDeploymentPostprocessing = 0;
		};
/* End PBXSourcesBuildPhase section */

/* Begin PBXTargetDependency section */
		DB844F4F22780E3E00212D60 /* PBXTargetDependency */ = {
			isa = PBXTargetDependency;
			target = DB844F3822780E3D00212D60 /* ConnectFour */;
			targetProxy = DB844F4E22780E3E00212D60 /* PBXContainerItemProxy */;
		};
		DB844F5A22780E3E00212D60 /* PBXTargetDependency */ = {
			isa = PBXTargetDependency;
			target = DB844F3822780E3D00212D60 /* ConnectFour */;
			targetProxy = DB844F5922780E3E00212D60 /* PBXContainerItemProxy */;
		};
/* End PBXTargetDependency section */

/* Begin PBXVariantGroup section */
		DB844F4022780E3D00212D60 /* Main.storyboard */ = {
			isa = PBXVariantGroup;
			children = (
				DB844F4122780E3D00212D60 /* Base */,
			);
			name = Main.storyboard;
			sourceTree = "<group>";
		};
		DB844F4522780E3E00212D60 /* LaunchScreen.storyboard */ = {
			isa = PBXVariantGroup;
			children = (
				DB844F4622780E3E00212D60 /* Base */,
			);
			name = LaunchScreen.storyboard;
			sourceTree = "<group>";
		};
/* End PBXVariantGroup section */

/* Begin XCBuildConfiguration section */
		DB844F5F22780E3E00212D60 /* Debug */ = {
			isa = XCBuildConfiguration;
			buildSettings = {
				ALWAYS_SEARCH_USER_PATHS = NO;
				CLANG_ANALYZER_NONNULL = YES;
				CLANG_ANALYZER_NUMBER_OBJECT_CONVERSION = YES_AGGRESSIVE;
				CLANG_CXX_LANGUAGE_STANDARD = "gnu++14";
				CLANG_CXX_LIBRARY = "libc++";
				CLANG_ENABLE_MODULES = YES;
				CLANG_ENABLE_OBJC_ARC = YES;
				CLANG_ENABLE_OBJC_WEAK = YES;
				CLANG_WARN_BLOCK_CAPTURE_AUTORELEASING = YES;
				CLANG_WARN_BOOL_CONVERSION = YES;
				CLANG_WARN_COMMA = YES;
				CLANG_WARN_CONSTANT_CONVERSION = YES;
				CLANG_WARN_DEPRECATED_OBJC_IMPLEMENTATIONS = YES;
				CLANG_WARN_DIRECT_OBJC_ISA_USAGE = YES_ERROR;
				CLANG_WARN_DOCUMENTATION_COMMENTS = YES;
				CLANG_WARN_EMPTY_BODY = YES;
				CLANG_WARN_ENUM_CONVERSION = YES;
				CLANG_WARN_INFINITE_RECURSION = YES;
				CLANG_WARN_INT_CONVERSION = YES;
				CLANG_WARN_NON_LITERAL_NULL_CONVERSION = YES;
				CLANG_WARN_OBJC_IMPLICIT_RETAIN_SELF = YES;
				CLANG_WARN_OBJC_LITERAL_CONVERSION = YES;
				CLANG_WARN_OBJC_ROOT_CLASS = YES_ERROR;
				CLANG_WARN_RANGE_LOOP_ANALYSIS = YES;
				CLANG_WARN_STRICT_PROTOTYPES = YES;
				CLANG_WARN_SUSPICIOUS_MOVE = YES;
				CLANG_WARN_UNGUARDED_AVAILABILITY = YES_AGGRESSIVE;
				CLANG_WARN_UNREACHABLE_CODE = YES;
				CLANG_WARN__DUPLICATE_METHOD_MATCH = YES;
				CODE_SIGN_IDENTITY = "iPhone Developer";
				COPY_PHASE_STRIP = NO;
				DEBUG_INFORMATION_FORMAT = dwarf;
				ENABLE_STRICT_OBJC_MSGSEND = YES;
				ENABLE_TESTABILITY = YES;
				GCC_C_LANGUAGE_STANDARD = gnu11;
				GCC_DYNAMIC_NO_PIC = NO;
				GCC_NO_COMMON_BLOCKS = YES;
				GCC_OPTIMIZATION_LEVEL = 0;
				GCC_PREPROCESSOR_DEFINITIONS = (
					"DEBUG=1",
					"$(inherited)",
				);
				GCC_WARN_64_TO_32_BIT_CONVERSION = YES;
				GCC_WARN_ABOUT_RETURN_TYPE = YES_ERROR;
				GCC_WARN_UNDECLARED_SELECTOR = YES;
				GCC_WARN_UNINITIALIZED_AUTOS = YES_AGGRESSIVE;
				GCC_WARN_UNUSED_FUNCTION = YES;
				GCC_WARN_UNUSED_VARIABLE = YES;
				IPHONEOS_DEPLOYMENT_TARGET = 12.2;
				MTL_ENABLE_DEBUG_INFO = INCLUDE_SOURCE;
				MTL_FAST_MATH = YES;
				ONLY_ACTIVE_ARCH = YES;
				SDKROOT = iphoneos;
				SWIFT_ACTIVE_COMPILATION_CONDITIONS = DEBUG;
				SWIFT_OPTIMIZATION_LEVEL = "-Onone";
			};
			name = Debug;
		};
		DB844F6022780E3E00212D60 /* Release */ = {
			isa = XCBuildConfiguration;
			buildSettings = {
				ALWAYS_SEARCH_USER_PATHS = NO;
				CLANG_ANALYZER_NONNULL = YES;
				CLANG_ANALYZER_NUMBER_OBJECT_CONVERSION = YES_AGGRESSIVE;
				CLANG_CXX_LANGUAGE_STANDARD = "gnu++14";
				CLANG_CXX_LIBRARY = "libc++";
				CLANG_ENABLE_MODULES = YES;
				CLANG_ENABLE_OBJC_ARC = YES;
				CLANG_ENABLE_OBJC_WEAK = YES;
				CLANG_WARN_BLOCK_CAPTURE_AUTORELEASING = YES;
				CLANG_WARN_BOOL_CONVERSION = YES;
				CLANG_WARN_COMMA = YES;
				CLANG_WARN_CONSTANT_CONVERSION = YES;
				CLANG_WARN_DEPRECATED_OBJC_IMPLEMENTATIONS = YES;
				CLANG_WARN_DIRECT_OBJC_ISA_USAGE = YES_ERROR;
				CLANG_WARN_DOCUMENTATION_COMMENTS = YES;
				CLANG_WARN_EMPTY_BODY = YES;
				CLANG_WARN_ENUM_CONVERSION = YES;
				CLANG_WARN_INFINITE_RECURSION = YES;
				CLANG_WARN_INT_CONVERSION = YES;
				CLANG_WARN_NON_LITERAL_NULL_CONVERSION = YES;
				CLANG_WARN_OBJC_IMPLICIT_RETAIN_SELF = YES;
				CLANG_WARN_OBJC_LITERAL_CONVERSION = YES;
				CLANG_WARN_OBJC_ROOT_CLASS = YES_ERROR;
				CLANG_WARN_RANGE_LOOP_ANALYSIS = YES;
				CLANG_WARN_STRICT_PROTOTYPES = YES;
				CLANG_WARN_SUSPICIOUS_MOVE = YES;
				CLANG_WARN_UNGUARDED_AVAILABILITY = YES_AGGRESSIVE;
				CLANG_WARN_UNREACHABLE_CODE = YES;
				CLANG_WARN__DUPLICATE_METHOD_MATCH = YES;
				CODE_SIGN_IDENTITY = "iPhone Developer";
				COPY_PHASE_STRIP = NO;
				DEBUG_INFORMATION_FORMAT = "dwarf-with-dsym";
				ENABLE_NS_ASSERTIONS = NO;
				ENABLE_STRICT_OBJC_MSGSEND = YES;
				GCC_C_LANGUAGE_STANDARD = gnu11;
				GCC_NO_COMMON_BLOCKS = YES;
				GCC_WARN_64_TO_32_BIT_CONVERSION = YES;
				GCC_WARN_ABOUT_RETURN_TYPE = YES_ERROR;
				GCC_WARN_UNDECLARED_SELECTOR = YES;
				GCC_WARN_UNINITIALIZED_AUTOS = YES_AGGRESSIVE;
				GCC_WARN_UNUSED_FUNCTION = YES;
				GCC_WARN_UNUSED_VARIABLE = YES;
				IPHONEOS_DEPLOYMENT_TARGET = 12.2;
				MTL_ENABLE_DEBUG_INFO = NO;
				MTL_FAST_MATH = YES;
				SDKROOT = iphoneos;
				SWIFT_COMPILATION_MODE = wholemodule;
				SWIFT_OPTIMIZATION_LEVEL = "-O";
				VALIDATE_PRODUCT = YES;
			};
			name = Release;
		};
		DB844F6222780E3E00212D60 /* Debug */ = {
			isa = XCBuildConfiguration;
			buildSettings = {
				ASSETCATALOG_COMPILER_APPICON_NAME = AppIcon;
				CODE_SIGN_STYLE = Automatic;
				DEVELOPMENT_TEAM = 4QB3ZV2LAM;
				INFOPLIST_FILE = ConnectFour/Info.plist;
				LD_RUNPATH_SEARCH_PATHS = (
					"$(inherited)",
					"@executable_path/Frameworks",
				);
				PRODUCT_BUNDLE_IDENTIFIER = annasong.ConnectFour;
				PRODUCT_NAME = "$(TARGET_NAME)";
				SWIFT_VERSION = 5.0;
				TARGETED_DEVICE_FAMILY = "1,2";
			};
			name = Debug;
		};
		DB844F6322780E3E00212D60 /* Release */ = {
			isa = XCBuildConfiguration;
			buildSettings = {
				ASSETCATALOG_COMPILER_APPICON_NAME = AppIcon;
				CODE_SIGN_STYLE = Automatic;
				DEVELOPMENT_TEAM = 4QB3ZV2LAM;
				INFOPLIST_FILE = ConnectFour/Info.plist;
				LD_RUNPATH_SEARCH_PATHS = (
					"$(inherited)",
					"@executable_path/Frameworks",
				);
				PRODUCT_BUNDLE_IDENTIFIER = annasong.ConnectFour;
				PRODUCT_NAME = "$(TARGET_NAME)";
				SWIFT_VERSION = 5.0;
				TARGETED_DEVICE_FAMILY = "1,2";
			};
			name = Release;
		};
		DB844F6522780E3E00212D60 /* Debug */ = {
			isa = XCBuildConfiguration;
			buildSettings = {
				ALWAYS_EMBED_SWIFT_STANDARD_LIBRARIES = YES;
				BUNDLE_LOADER = "$(TEST_HOST)";
				CODE_SIGN_STYLE = Automatic;
				DEVELOPMENT_TEAM = 4QB3ZV2LAM;
				INFOPLIST_FILE = ConnectFourTests/Info.plist;
				LD_RUNPATH_SEARCH_PATHS = (
					"$(inherited)",
					"@executable_path/Frameworks",
					"@loader_path/Frameworks",
				);
				PRODUCT_BUNDLE_IDENTIFIER = annasong.ConnectFourTests;
				PRODUCT_NAME = "$(TARGET_NAME)";
				SWIFT_VERSION = 5.0;
				TARGETED_DEVICE_FAMILY = "1,2";
				TEST_HOST = "$(BUILT_PRODUCTS_DIR)/ConnectFour.app/ConnectFour";
			};
			name = Debug;
		};
		DB844F6622780E3E00212D60 /* Release */ = {
			isa = XCBuildConfiguration;
			buildSettings = {
				ALWAYS_EMBED_SWIFT_STANDARD_LIBRARIES = YES;
				BUNDLE_LOADER = "$(TEST_HOST)";
				CODE_SIGN_STYLE = Automatic;
				DEVELOPMENT_TEAM = 4QB3ZV2LAM;
				INFOPLIST_FILE = ConnectFourTests/Info.plist;
				LD_RUNPATH_SEARCH_PATHS = (
					"$(inherited)",
					"@executable_path/Frameworks",
					"@loader_path/Frameworks",
				);
				PRODUCT_BUNDLE_IDENTIFIER = annasong.ConnectFourTests;
				PRODUCT_NAME = "$(TARGET_NAME)";
				SWIFT_VERSION = 5.0;
				TARGETED_DEVICE_FAMILY = "1,2";
				TEST_HOST = "$(BUILT_PRODUCTS_DIR)/ConnectFour.app/ConnectFour";
			};
			name = Release;
		};
		DB844F6822780E3E00212D60 /* Debug */ = {
			isa = XCBuildConfiguration;
			buildSettings = {
				ALWAYS_EMBED_SWIFT_STANDARD_LIBRARIES = YES;
				CODE_SIGN_STYLE = Automatic;
				DEVELOPMENT_TEAM = 4QB3ZV2LAM;
				INFOPLIST_FILE = ConnectFourUITests/Info.plist;
				LD_RUNPATH_SEARCH_PATHS = (
					"$(inherited)",
					"@executable_path/Frameworks",
					"@loader_path/Frameworks",
				);
				PRODUCT_BUNDLE_IDENTIFIER = annasong.ConnectFourUITests;
				PRODUCT_NAME = "$(TARGET_NAME)";
				SWIFT_VERSION = 5.0;
				TARGETED_DEVICE_FAMILY = "1,2";
				TEST_TARGET_NAME = ConnectFour;
			};
			name = Debug;
		};
		DB844F6922780E3E00212D60 /* Release */ = {
			isa = XCBuildConfiguration;
			buildSettings = {
				ALWAYS_EMBED_SWIFT_STANDARD_LIBRARIES = YES;
				CODE_SIGN_STYLE = Automatic;
				DEVELOPMENT_TEAM = 4QB3ZV2LAM;
				INFOPLIST_FILE = ConnectFourUITests/Info.plist;
				LD_RUNPATH_SEARCH_PATHS = (
					"$(inherited)",
					"@executable_path/Frameworks",
					"@loader_path/Frameworks",
				);
				PRODUCT_BUNDLE_IDENTIFIER = annasong.ConnectFourUITests;
				PRODUCT_NAME = "$(TARGET_NAME)";
				SWIFT_VERSION = 5.0;
				TARGETED_DEVICE_FAMILY = "1,2";
				TEST_TARGET_NAME = ConnectFour;
			};
			name = Release;
		};
/* End XCBuildConfiguration section */

/* Begin XCConfigurationList section */
		DB844F3422780E3D00212D60 /* Build configuration list for PBXProject "ConnectFour" */ = {
			isa = XCConfigurationList;
			buildConfigurations = (
				DB844F5F22780E3E00212D60 /* Debug */,
				DB844F6022780E3E00212D60 /* Release */,
			);
			defaultConfigurationIsVisible = 0;
			defaultConfigurationName = Release;
		};
		DB844F6122780E3E00212D60 /* Build configuration list for PBXNativeTarget "ConnectFour" */ = {
			isa = XCConfigurationList;
			buildConfigurations = (
				DB844F6222780E3E00212D60 /* Debug */,
				DB844F6322780E3E00212D60 /* Release */,
			);
			defaultConfigurationIsVisible = 0;
			defaultConfigurationName = Release;
		};
		DB844F6422780E3E00212D60 /* Build configuration list for PBXNativeTarget "ConnectFourTests" */ = {
			isa = XCConfigurationList;
			buildConfigurations = (
				DB844F6522780E3E00212D60 /* Debug */,
				DB844F6622780E3E00212D60 /* Release */,
			);
			defaultConfigurationIsVisible = 0;
			defaultConfigurationName = Release;
		};
		DB844F6722780E3E00212D60 /* Build configuration list for PBXNativeTarget "ConnectFourUITests" */ = {
			isa = XCConfigurationList;
			buildConfigurations = (
				DB844F6822780E3E00212D60 /* Debug */,
				DB844F6922780E3E00212D60 /* Release */,
			);
			defaultConfigurationIsVisible = 0;
			defaultConfigurationName = Release;
		};
/* End XCConfigurationList section */
	};
	rootObject = DB844F3122780E3D00212D60 /* Project object */;
}
